
Microsoft Visual Studio Solution File, Format Version 12.00
# Visual Studio Version 16
VisualStudioVersion = 16.0.30114.105
MinimumVisualStudioVersion = 10.0.40219.1
Project("{FAE04EC0-301F-11D3-BF4B-00C04F79EFBC}") = "LayoutDemo", "LayoutDemo\LayoutDemo.csproj", "{0399BD9D-2662-474A-BB01-500EFB8077EA}"
EndProject
Global
	GlobalSection(SolutionConfigurationPlatforms) = preSolution
		Debug|Any CPU = Debug|Any CPU
		Release|Any CPU = Release|Any CPU
	EndGlobalSection
	GlobalSection(ProjectConfigurationPlatforms) = postSolution
		{0399BD9D-2662-474A-BB01-500EFB8077EA}.Debug|Any CPU.ActiveCfg = Debug|Any CPU
		{0399BD9D-2662-474A-BB01-500EFB8077EA}.Debug|Any CPU.Build.0 = Debug|Any CPU
		{0399BD9D-2662-474A-BB01-500EFB8077EA}.Release|Any CPU.ActiveCfg = Release|Any CPU
		{0399BD9D-2662-474A-BB01-500EFB8077EA}.Release|Any CPU.Build.0 = Release|Any CPU
	EndGlobalSection
	GlobalSection(SolutionProperties) = preSolution
		HideSolutionNode = FALSE
	EndGlobalSection
	GlobalSection(ExtensibilityGlobals) = postSolution
		SolutionGuid = {C29E1E2F-1EBD-4952-8BBF-8EB922595E43}
	EndGlobalSection
EndGlobal
