
Microsoft Visual Studio Solution File, Format Version 12.00
# Visual Studio Version 16
VisualStudioVersion = 16.0.30114.105
MinimumVisualStudioVersion = 10.0.40219.1
Project("{FAE04EC0-301F-11D3-BF4B-00C04F79EFBC}") = "PrimeiraWebAPI", "PrimeiraWebAPI\PrimeiraWebAPI.csproj", "{12306EC3-9A76-4803-A74A-156F30087EB4}"
EndProject
Global
	GlobalSection(SolutionConfigurationPlatforms) = preSolution
		Debug|Any CPU = Debug|Any CPU
		Release|Any CPU = Release|Any CPU
	EndGlobalSection
	GlobalSection(ProjectConfigurationPlatforms) = postSolution
		{12306EC3-9A76-4803-A74A-156F30087EB4}.Debug|Any CPU.ActiveCfg = Debug|Any CPU
		{12306EC3-9A76-4803-A74A-156F30087EB4}.Debug|Any CPU.Build.0 = Debug|Any CPU
		{12306EC3-9A76-4803-A74A-156F30087EB4}.Release|Any CPU.ActiveCfg = Release|Any CPU
		{12306EC3-9A76-4803-A74A-156F30087EB4}.Release|Any CPU.Build.0 = Release|Any CPU
	EndGlobalSection
	GlobalSection(SolutionProperties) = preSolution
		HideSolutionNode = FALSE
	EndGlobalSection
	GlobalSection(ExtensibilityGlobals) = postSolution
		SolutionGuid = {2533EAA3-06FF-49BE-B0BF-5B445A23AA1D}
	EndGlobalSection
EndGlobal
