
Microsoft Visual Studio Solution File, Format Version 12.00
# Visual Studio Version 16
VisualStudioVersion = 16.0.30114.105
MinimumVisualStudioVersion = 10.0.40219.1
Project("{FAE04EC0-301F-11D3-BF4B-00C04F79EFBC}") = "ContatosWebAPI", "ContatosWebAPI\ContatosWebAPI.csproj", "{24C33EA4-64FD-4EEF-8F4E-EE1321910BA1}"
EndProject
Global
	GlobalSection(SolutionConfigurationPlatforms) = preSolution
		Debug|Any CPU = Debug|Any CPU
		Release|Any CPU = Release|Any CPU
	EndGlobalSection
	GlobalSection(ProjectConfigurationPlatforms) = postSolution
		{24C33EA4-64FD-4EEF-8F4E-EE1321910BA1}.Debug|Any CPU.ActiveCfg = Debug|Any CPU
		{24C33EA4-64FD-4EEF-8F4E-EE1321910BA1}.Debug|Any CPU.Build.0 = Debug|Any CPU
		{24C33EA4-64FD-4EEF-8F4E-EE1321910BA1}.Release|Any CPU.ActiveCfg = Release|Any CPU
		{24C33EA4-64FD-4EEF-8F4E-EE1321910BA1}.Release|Any CPU.Build.0 = Release|Any CPU
	EndGlobalSection
	GlobalSection(SolutionProperties) = preSolution
		HideSolutionNode = FALSE
	EndGlobalSection
	GlobalSection(ExtensibilityGlobals) = postSolution
		SolutionGuid = {190B57C2-5FF1-4AC0-BA23-0A17B7D624F6}
	EndGlobalSection
EndGlobal
