
Microsoft Visual Studio Solution File, Format Version 12.00
# Visual Studio Version 16
VisualStudioVersion = 16.0.30114.105
MinimumVisualStudioVersion = 10.0.40219.1
Project("{FAE04EC0-301F-11D3-BF4B-00C04F79EFBC}") = "AutenticacaoCookies", "AutenticacaoCookies\AutenticacaoCookies.csproj", "{5BB4EDCC-97B6-403B-9B63-E75C6851091F}"
EndProject
Global
	GlobalSection(SolutionConfigurationPlatforms) = preSolution
		Debug|Any CPU = Debug|Any CPU
		Release|Any CPU = Release|Any CPU
	EndGlobalSection
	GlobalSection(ProjectConfigurationPlatforms) = postSolution
		{5BB4EDCC-97B6-403B-9B63-E75C6851091F}.Debug|Any CPU.ActiveCfg = Debug|Any CPU
		{5BB4EDCC-97B6-403B-9B63-E75C6851091F}.Debug|Any CPU.Build.0 = Debug|Any CPU
		{5BB4EDCC-97B6-403B-9B63-E75C6851091F}.Release|Any CPU.ActiveCfg = Release|Any CPU
		{5BB4EDCC-97B6-403B-9B63-E75C6851091F}.Release|Any CPU.Build.0 = Release|Any CPU
	EndGlobalSection
	GlobalSection(SolutionProperties) = preSolution
		HideSolutionNode = FALSE
	EndGlobalSection
	GlobalSection(ExtensibilityGlobals) = postSolution
		SolutionGuid = {A67FC5B2-99EB-446F-8AB9-59581ADB584E}
	EndGlobalSection
EndGlobal
